
Microsoft Visual Studio Solution File, Format Version 12.00
# Visual Studio Version 17
VisualStudioVersion = 17.2.32602.215
MinimumVisualStudioVersion = 10.0.40219.1
Project("{FAE04EC0-301F-11D3-BF4B-00C04F79EFBC}") = "Curso.ComercioElectronico.WebApi", "Curso.ComercioElectronico.WebApi\Curso.ComercioElectronico.WebApi.csproj", "{7DE45F71-B9FB-440E-AF60-C1A365FC0475}"
EndProject
Project("{FAE04EC0-301F-11D3-BF4B-00C04F79EFBC}") = "Curso.ComercioElectronico.Infraestructura", "Curso.ComercioElectronico.Infraestructura\Curso.ComercioElectronico.Infraestructura.csproj", "{DC568464-6F4A-4325-8620-FCCFFB34C473}"
EndProject
Project("{FAE04EC0-301F-11D3-BF4B-00C04F79EFBC}") = "Curso.ComercioElectronico.Dominio", "Curso.ComercioElectronico.Dominio\Curso.ComercioElectronico.Dominio.csproj", "{8096A686-A32C-40DD-967A-A19190486F7B}"
EndProject
Project("{FAE04EC0-301F-11D3-BF4B-00C04F79EFBC}") = "Curso.ComercioElectronico.Aplicacion", "Curso.ComercioElectronico.Aplicacion\Curso.ComercioElectronico.Aplicacion.csproj", "{AAAF43D8-7A5E-4E5B-A0D6-C301915D0862}"
EndProject
Project("{FAE04EC0-301F-11D3-BF4B-00C04F79EFBC}") = "Curso.ComercioElectronico.Test", "Curso.ComercioElectronico.Test\Curso.ComercioElectronico.Test.csproj", "{F5669DDE-A00E-4D2C-9825-44B9AA91CAAC}"
EndProject
Global
	GlobalSection(SolutionConfigurationPlatforms) = preSolution
		Debug|Any CPU = Debug|Any CPU
		Release|Any CPU = Release|Any CPU
	EndGlobalSection
	GlobalSection(ProjectConfigurationPlatforms) = postSolution
		{7DE45F71-B9FB-440E-AF60-C1A365FC0475}.Debug|Any CPU.ActiveCfg = Debug|Any CPU
		{7DE45F71-B9FB-440E-AF60-C1A365FC0475}.Debug|Any CPU.Build.0 = Debug|Any CPU
		{7DE45F71-B9FB-440E-AF60-C1A365FC0475}.Release|Any CPU.ActiveCfg = Release|Any CPU
		{7DE45F71-B9FB-440E-AF60-C1A365FC0475}.Release|Any CPU.Build.0 = Release|Any CPU
		{DC568464-6F4A-4325-8620-FCCFFB34C473}.Debug|Any CPU.ActiveCfg = Debug|Any CPU
		{DC568464-6F4A-4325-8620-FCCFFB34C473}.Debug|Any CPU.Build.0 = Debug|Any CPU
		{DC568464-6F4A-4325-8620-FCCFFB34C473}.Release|Any CPU.ActiveCfg = Release|Any CPU
		{DC568464-6F4A-4325-8620-FCCFFB34C473}.Release|Any CPU.Build.0 = Release|Any CPU
		{8096A686-A32C-40DD-967A-A19190486F7B}.Debug|Any CPU.ActiveCfg = Debug|Any CPU
		{8096A686-A32C-40DD-967A-A19190486F7B}.Debug|Any CPU.Build.0 = Debug|Any CPU
		{8096A686-A32C-40DD-967A-A19190486F7B}.Release|Any CPU.ActiveCfg = Release|Any CPU
		{8096A686-A32C-40DD-967A-A19190486F7B}.Release|Any CPU.Build.0 = Release|Any CPU
		{AAAF43D8-7A5E-4E5B-A0D6-C301915D0862}.Debug|Any CPU.ActiveCfg = Debug|Any CPU
		{AAAF43D8-7A5E-4E5B-A0D6-C301915D0862}.Debug|Any CPU.Build.0 = Debug|Any CPU
		{AAAF43D8-7A5E-4E5B-A0D6-C301915D0862}.Release|Any CPU.ActiveCfg = Release|Any CPU
		{AAAF43D8-7A5E-4E5B-A0D6-C301915D0862}.Release|Any CPU.Build.0 = Release|Any CPU
		{F5669DDE-A00E-4D2C-9825-44B9AA91CAAC}.Debug|Any CPU.ActiveCfg = Debug|Any CPU
		{F5669DDE-A00E-4D2C-9825-44B9AA91CAAC}.Debug|Any CPU.Build.0 = Debug|Any CPU
		{F5669DDE-A00E-4D2C-9825-44B9AA91CAAC}.Release|Any CPU.ActiveCfg = Release|Any CPU
		{F5669DDE-A00E-4D2C-9825-44B9AA91CAAC}.Release|Any CPU.Build.0 = Release|Any CPU
	EndGlobalSection
	GlobalSection(SolutionProperties) = preSolution
		HideSolutionNode = FALSE
	EndGlobalSection
	GlobalSection(ExtensibilityGlobals) = postSolution
		SolutionGuid = {027B19AA-576B-42B9-9555-92B286AC7DC8}
	EndGlobalSection
EndGlobal
